// !$*UTF8*$!
{
	archiveVersion = 1;
	classes = {
	};
	objectVersion = 46;
	objects = {

/* Begin PBXBuildFile section */
		C9301A0C1DC843FC00F5C613 /* TKNotifySDK.h in Headers */ = {isa = PBXBuildFile; fileRef = C9301A0A1DC843FC00F5C613 /* TKNotifySDK.h */; settings = {ATTRIBUTES = (Public, ); }; };
		C9301A451DC8442900F5C613 /* TKNotifyInstance.h in Headers */ = {isa = PBXBuildFile; fileRef = C9301A431DC8442900F5C613 /* TKNotifyInstance.h */; settings = {ATTRIBUTES = (Public, ); }; };
		C9301A461DC8442900F5C613 /* TKNotifyInstance.m in Sources */ = {isa = PBXBuildFile; fileRef = C9301A441DC8442900F5C613 /* TKNotifyInstance.m */; };
		C9301A501DC8456C00F5C613 /* UserNotifications.framework in Frameworks */ = {isa = PBXBuildFile; fileRef = C9301A4F1DC8456C00F5C613 /* UserNotifications.framework */; };
/* End PBXBuildFile section */

/* Begin PBXFileReference section */
		C9301A071DC843FC00F5C613 /* TKNotifySDK.framework */ = {isa = PBXFileReference; explicitFileType = wrapper.framework; includeInIndex = 0; path = TKNotifySDK.framework; sourceTree = BUILT_PRODUCTS_DIR; };
		C9301A0A1DC843FC00F5C613 /* TKNotifySDK.h */ = {isa = PBXFileReference; lastKnownFileType = sourcecode.c.h; path = TKNotifySDK.h; sourceTree = "<group>"; };
		C9301A0B1DC843FC00F5C613 /* Info.plist */ = {isa = PBXFileReference; lastKnownFileType = text.plist.xml; path = Info.plist; sourceTree = "<group>"; };
		C9301A431DC8442900F5C613 /* TKNotifyInstance.h */ = {isa = PBXFileReference; fileEncoding = 4; lastKnownFileType = sourcecode.c.h; path = TKNotifyInstance.h; sourceTree = "<group>"; };
		C9301A441DC8442900F5C613 /* TKNotifyInstance.m */ = {isa = PBXFileReference; fileEncoding = 4; lastKnownFileType = sourcecode.c.objc; path = TKNotifyInstance.m; sourceTree = "<group>"; };
		C9301A4F1DC8456C00F5C613 /* UserNotifications.framework */ = {isa = PBXFileReference; lastKnownFileType = wrapper.framework; name = UserNotifications.framework; path = System/Library/Frameworks/UserNotifications.framework; sourceTree = SDKROOT; };
/* End PBXFileReference section */

/* Begin PBXFrameworksBuildPhase section */
		C9301A031DC843FC00F5C613 /* Frameworks */ = {
			isa = PBXFrameworksBuildPhase;
			buildActionMask = 2147483647;
			files = (
				C9301A501DC8456C00F5C613 /* UserNotifications.framework in Frameworks */,
			);
			runOnlyForDeploymentPostprocessing = 0;
		};
/* End PBXFrameworksBuildPhase section */

/* Begin PBXGroup section */
		C93019FD1DC843FC00F5C613 = {
			isa = PBXGroup;
			children = (
				C9301A091DC843FC00F5C613 /* TKNotifySDK */,
				C9301A081DC843FC00F5C613 /* Products */,
				C9301A4E1DC8456C00F5C613 /* Frameworks */,
			);
			sourceTree = "<group>";
		};
		C9301A081DC843FC00F5C613 /* Products */ = {
			isa = PBXGroup;
			children = (
				C9301A071DC843FC00F5C613 /* TKNotifySDK.framework */,
			);
			name = Products;
			sourceTree = "<group>";
		};
		C9301A091DC843FC00F5C613 /* TKNotifySDK */ = {
			isa = PBXGroup;
			children = (
				C9301A0A1DC843FC00F5C613 /* TKNotifySDK.h */,
				C9301A0B1DC843FC00F5C613 /* Info.plist */,
				C9301A431DC8442900F5C613 /* TKNotifyInstance.h */,
				C9301A441DC8442900F5C613 /* TKNotifyInstance.m */,
			);
			path = TKNotifySDK;
			sourceTree = "<group>";
		};
		C9301A4E1DC8456C00F5C613 /* Frameworks */ = {
			isa = PBXGroup;
			children = (
				C9301A4F1DC8456C00F5C613 /* UserNotifications.framework */,
			);
			name = Frameworks;
			sourceTree = "<group>";
		};
/* End PBXGroup section */

/* Begin PBXHeadersBuildPhase section */
		C9301A041DC843FC00F5C613 /* Headers */ = {
			isa = PBXHeadersBuildPhase;
			buildActionMask = 2147483647;
			files = (
				C9301A0C1DC843FC00F5C613 /* TKNotifySDK.h in Headers */,
				C9301A451DC8442900F5C613 /* TKNotifyInstance.h in Headers */,
			);
			runOnlyForDeploymentPostprocessing = 0;
		};
/* End PBXHeadersBuildPhase section */

/* Begin PBXNativeTarget section */
		C9301A061DC843FC00F5C613 /* TKNotifySDK */ = {
			isa = PBXNativeTarget;
			buildConfigurationList = C9301A0F1DC843FC00F5C613 /* Build configuration list for PBXNativeTarget "TKNotifySDK" */;
			buildPhases = (
				C9301A021DC843FC00F5C613 /* Sources */,
				C9301A031DC843FC00F5C613 /* Frameworks */,
				C9301A041DC843FC00F5C613 /* Headers */,
				C9301A051DC843FC00F5C613 /* Resources */,
			);
			buildRules = (
			);
			dependencies = (
			);
			name = TKNotifySDK;
			productName = TKNotifySDK;
			productReference = C9301A071DC843FC00F5C613 /* TKNotifySDK.framework */;
			productType = "com.apple.product-type.framework";
		};
/* End PBXNativeTarget section */

/* Begin PBXProject section */
		C93019FE1DC843FC00F5C613 /* Project object */ = {
			isa = PBXProject;
			attributes = {
				LastUpgradeCheck = 0800;
				ORGANIZATIONNAME = TK;
				TargetAttributes = {
					C9301A061DC843FC00F5C613 = {
						CreatedOnToolsVersion = 8.0;
						DevelopmentTeam = T2362RFKT6;
						ProvisioningStyle = Automatic;
					};
				};
			};
			buildConfigurationList = C9301A011DC843FC00F5C613 /* Build configuration list for PBXProject "TKNotifySDK" */;
			compatibilityVersion = "Xcode 3.2";
			developmentRegion = English;
			hasScannedForEncodings = 0;
			knownRegions = (
				en,
			);
			mainGroup = C93019FD1DC843FC00F5C613;
			productRefGroup = C9301A081DC843FC00F5C613 /* Products */;
			projectDirPath = "";
			projectRoot = "";
			targets = (
				C9301A061DC843FC00F5C613 /* TKNotifySDK */,
			);
		};
/* End PBXProject section */

/* Begin PBXResourcesBuildPhase section */
		C9301A051DC843FC00F5C613 /* Resources */ = {
			isa = PBXResourcesBuildPhase;
			buildActionMask = 2147483647;
			files = (
			);
			runOnlyForDeploymentPostprocessing = 0;
		};
/* End PBXResourcesBuildPhase section */

/* Begin PBXSourcesBuildPhase section */
		C9301A021DC843FC00F5C613 /* Sources */ = {
			isa = PBXSourcesBuildPhase;
			buildActionMask = 2147483647;
			files = (
				C9301A461DC8442900F5C613 /* TKNotifyInstance.m in Sources */,
			);
			runOnlyForDeploymentPostprocessing = 0;
		};
/* End PBXSourcesBuildPhase section */

/* Begin XCBuildConfiguration section */
		C9301A0D1DC843FC00F5C613 /* Debug */ = {
			isa = XCBuildConfiguration;
			buildSettings = {
				ALWAYS_SEARCH_USER_PATHS = NO;
				CLANG_ANALYZER_NONNULL = YES;
				CLANG_CXX_LANGUAGE_STANDARD = "gnu++0x";
				CLANG_CXX_LIBRARY = "libc++";
				CLANG_ENABLE_MODULES = YES;
				CLANG_ENABLE_OBJC_ARC = YES;
				CLANG_WARN_BOOL_CONVERSION = YES;
				CLANG_WARN_CONSTANT_CONVERSION = YES;
				CLANG_WARN_DIRECT_OBJC_ISA_USAGE = YES_ERROR;
				CLANG_WARN_DOCUMENTATION_COMMENTS = YES;
				CLANG_WARN_EMPTY_BODY = YES;
				CLANG_WARN_ENUM_CONVERSION = YES;
				CLANG_WARN_INFINITE_RECURSION = YES;
				CLANG_WARN_INT_CONVERSION = YES;
				CLANG_WARN_OBJC_ROOT_CLASS = YES_ERROR;
				CLANG_WARN_SUSPICIOUS_MOVES = YES;
				CLANG_WARN_UNREACHABLE_CODE = YES;
				CLANG_WARN__DUPLICATE_METHOD_MATCH = YES;
				"CODE_SIGN_IDENTITY[sdk=iphoneos*]" = "iPhone Developer";
				COPY_PHASE_STRIP = NO;
				CURRENT_PROJECT_VERSION = 1;
				DEBUG_INFORMATION_FORMAT = dwarf;
				ENABLE_STRICT_OBJC_MSGSEND = YES;
				ENABLE_TESTABILITY = YES;
				GCC_C_LANGUAGE_STANDARD = gnu99;
				GCC_DYNAMIC_NO_PIC = NO;
				GCC_NO_COMMON_BLOCKS = YES;
				GCC_OPTIMIZATION_LEVEL = 0;
				GCC_PREPROCESSOR_DEFINITIONS = (
					"DEBUG=1",
					"$(inherited)",
				);
				GCC_WARN_64_TO_32_BIT_CONVERSION = YES;
				GCC_WARN_ABOUT_RETURN_TYPE = YES_ERROR;
				GCC_WARN_UNDECLARED_SELECTOR = YES;
				GCC_WARN_UNINITIALIZED_AUTOS = YES_AGGRESSIVE;
				GCC_WARN_UNUSED_FUNCTION = YES;
				GCC_WARN_UNUSED_VARIABLE = YES;
				IPHONEOS_DEPLOYMENT_TARGET = 10.0;
				MTL_ENABLE_DEBUG_INFO = YES;
				ONLY_ACTIVE_ARCH = YES;
				SDKROOT = iphoneos;
				TARGETED_DEVICE_FAMILY = "1,2";
				VERSIONING_SYSTEM = "apple-generic";
				VERSION_INFO_PREFIX = "";
			};
			name = Debug;
		};
		C9301A0E1DC843FC00F5C613 /* Release */ = {
			isa = XCBuildConfiguration;
			buildSettings = {
				ALWAYS_SEARCH_USER_PATHS = NO;
				CLANG_ANALYZER_NONNULL = YES;
				CLANG_CXX_LANGUAGE_STANDARD = "gnu++0x";
				CLANG_CXX_LIBRARY = "libc++";
				CLANG_ENABLE_MODULES = YES;
				CLANG_ENABLE_OBJC_ARC = YES;
				CLANG_WARN_BOOL_CONVERSION = YES;
				CLANG_WARN_CONSTANT_CONVERSION = YES;
				CLANG_WARN_DIRECT_OBJC_ISA_USAGE = YES_ERROR;
				CLANG_WARN_DOCUMENTATION_COMMENTS = YES;
				CLANG_WARN_EMPTY_BODY = YES;
				CLANG_WARN_ENUM_CONVERSION = YES;
				CLANG_WARN_INFINITE_RECURSION = YES;
				CLANG_WARN_INT_CONVERSION = YES;
				CLANG_WARN_OBJC_ROOT_CLASS = YES_ERROR;
				CLANG_WARN_SUSPICIOUS_MOVES = YES;
				CLANG_WARN_UNREACHABLE_CODE = YES;
				CLANG_WARN__DUPLICATE_METHOD_MATCH = YES;
				"CODE_SIGN_IDENTITY[sdk=iphoneos*]" = "iPhone Developer";
				COPY_PHASE_STRIP = NO;
				CURRENT_PROJECT_VERSION = 1;
				DEBUG_INFORMATION_FORMAT = "dwarf-with-dsym";
				ENABLE_NS_ASSERTIONS = NO;
				ENABLE_STRICT_OBJC_MSGSEND = YES;
				GCC_C_LANGUAGE_STANDARD = gnu99;
				GCC_NO_COMMON_BLOCKS = YES;
				GCC_WARN_64_TO_32_BIT_CONVERSION = YES;
				GCC_WARN_ABOUT_RETURN_TYPE = YES_ERROR;
				GCC_WARN_UNDECLARED_SELECTOR = YES;
				GCC_WARN_UNINITIALIZED_AUTOS = YES_AGGRESSIVE;
				GCC_WARN_UNUSED_FUNCTION = YES;
				GCC_WARN_UNUSED_VARIABLE = YES;
				IPHONEOS_DEPLOYMENT_TARGET = 10.0;
				MTL_ENABLE_DEBUG_INFO = NO;
				SDKROOT = iphoneos;
				TARGETED_DEVICE_FAMILY = "1,2";
				VALIDATE_PRODUCT = YES;
				VERSIONING_SYSTEM = "apple-generic";
				VERSION_INFO_PREFIX = "";
			};
			name = Release;
		};
		C9301A101DC843FC00F5C613 /* Debug */ = {
			isa = XCBuildConfiguration;
			buildSettings = {
				CODE_SIGN_IDENTITY = "";
				DEFINES_MODULE = YES;
				DEVELOPMENT_TEAM = T2362RFKT6;
				DYLIB_COMPATIBILITY_VERSION = 1;
				DYLIB_CURRENT_VERSION = 1;
				DYLIB_INSTALL_NAME_BASE = "@rpath";
				INFOPLIST_FILE = TKNotifySDK/Info.plist;
				INSTALL_PATH = "$(LOCAL_LIBRARY_DIR)/Frameworks";
				IPHONEOS_DEPLOYMENT_TARGET = 8.0;
				LD_RUNPATH_SEARCH_PATHS = "$(inherited) @executable_path/Frameworks @loader_path/Frameworks";
				PRODUCT_BUNDLE_IDENTIFIER = com.tencent.xins.tk.TKNotifySDK;
				PRODUCT_NAME = "$(TARGET_NAME)";
				SKIP_INSTALL = YES;
			};
			name = Debug;
		};
		C9301A111DC843FC00F5C613 /* Release */ = {
			isa = XCBuildConfiguration;
			buildSettings = {
				CODE_SIGN_IDENTITY = "";
				DEFINES_MODULE = YES;
				DEVELOPMENT_TEAM = T2362RFKT6;
				DYLIB_COMPATIBILITY_VERSION = 1;
				DYLIB_CURRENT_VERSION = 1;
				DYLIB_INSTALL_NAME_BASE = "@rpath";
				INFOPLIST_FILE = TKNotifySDK/Info.plist;
				INSTALL_PATH = "$(LOCAL_LIBRARY_DIR)/Frameworks";
				IPHONEOS_DEPLOYMENT_TARGET = 8.0;
				LD_RUNPATH_SEARCH_PATHS = "$(inherited) @executable_path/Frameworks @loader_path/Frameworks";
				PRODUCT_BUNDLE_IDENTIFIER = com.tencent.xins.tk.TKNotifySDK;
				PRODUCT_NAME = "$(TARGET_NAME)";
				SKIP_INSTALL = YES;
			};
			name = Release;
		};
/* End XCBuildConfiguration section */

/* Begin XCConfigurationList section */
		C9301A011DC843FC00F5C613 /* Build configuration list for PBXProject "TKNotifySDK" */ = {
			isa = XCConfigurationList;
			buildConfigurations = (
				C9301A0D1DC843FC00F5C613 /* Debug */,
				C9301A0E1DC843FC00F5C613 /* Release */,
			);
			defaultConfigurationIsVisible = 0;
			defaultConfigurationName = Release;
		};
		C9301A0F1DC843FC00F5C613 /* Build configuration list for PBXNativeTarget "TKNotifySDK" */ = {
			isa = XCConfigurationList;
			buildConfigurations = (
				C9301A101DC843FC00F5C613 /* Debug */,
				C9301A111DC843FC00F5C613 /* Release */,
			);
			defaultConfigurationIsVisible = 0;
			defaultConfigurationName = Release;
		};
/* End XCConfigurationList section */
	};
	rootObject = C93019FE1DC843FC00F5C613 /* Project object */;
}
